# This file is automatically @generated by Cargo.
# It is not intended for manual editing.
version = 4

[[package]]
name = "hlist2"
version = "0.0.15"
source = "registry+https://github.com/rust-lang/crates.io-index"
checksum = "f7eb54f4bac1a3a7b45a3dcd8b60d78a2d0c06857695fb8a47b913e50f52c3ad"

[[package]]
name = "slice_and_dice"
version = "0.1.0"
dependencies = [
 "hlist2",
 "tuple_list",
 "typenum",
]

[[package]]
name = "tuple_list"
version = "0.1.3"
source = "registry+https://github.com/rust-lang/crates.io-index"
checksum = "141fb9f71ee586d956d7d6e4d5a9ef8e946061188520140f7591b668841d502e"

[[package]]
name = "typenum"
version = "1.18.0"
source = "registry+https://github.com/rust-lang/crates.io-index"
checksum = "1dccffe3ce07af9386bfd29e80c0ab1a8205a2fc34e4bcd40364df902cfa8f3f"
